// !$*UTF8*$!
{
	archiveVersion = 1;
	classes = {
	};
	objectVersion = 50;
	objects = {

/* Begin PBXBuildFile section */
		3DF7C22D20AF396800340C8D /* AppDelegate.swift in Sources */ = {isa = PBXBuildFile; fileRef = 3DF7C22C20AF396800340C8D /* AppDelegate.swift */; };
		3DF7C22F20AF396800340C8D /* ViewController.swift in Sources */ = {isa = PBXBuildFile; fileRef = 3DF7C22E20AF396800340C8D /* ViewController.swift */; };
		3DF7C23220AF396800340C8D /* Main.storyboard in Resources */ = {isa = PBXBuildFile; fileRef = 3DF7C23020AF396800340C8D /* Main.storyboard */; };
		3DF7C23420AF396A00340C8D /* Assets.xcassets in Resources */ = {isa = PBXBuildFile; fileRef = 3DF7C23320AF396A00340C8D /* Assets.xcassets */; };
		3DF7C23720AF396A00340C8D /* LaunchScreen.storyboard in Resources */ = {isa = PBXBuildFile; fileRef = 3DF7C23520AF396A00340C8D /* LaunchScreen.storyboard */; };
		3DF7C24220AF396A00340C8D /* btWritesTests.swift in Sources */ = {isa = PBXBuildFile; fileRef = 3DF7C24120AF396A00340C8D /* btWritesTests.swift */; };
		3DF7C24D20AF396A00340C8D /* btWritesUITests.swift in Sources */ = {isa = PBXBuildFile; fileRef = 3DF7C24C20AF396A00340C8D /* btWritesUITests.swift */; };
		3DF7C25B20AF3A3D00340C8D /* BtWritesServer.swift in Sources */ = {isa = PBXBuildFile; fileRef = 3DF7C25A20AF3A3D00340C8D /* BtWritesServer.swift */; };
/* End PBXBuildFile section */

/* Begin PBXContainerItemProxy section */
		3DF7C23E20AF396A00340C8D /* PBXContainerItemProxy */ = {
			isa = PBXContainerItemProxy;
			containerPortal = 3DF7C22120AF396800340C8D /* Project object */;
			proxyType = 1;
			remoteGlobalIDString = 3DF7C22820AF396800340C8D;
			remoteInfo = btWrites;
		};
		3DF7C24920AF396A00340C8D /* PBXContainerItemProxy */ = {
			isa = PBXContainerItemProxy;
			containerPortal = 3DF7C22120AF396800340C8D /* Project object */;
			proxyType = 1;
			remoteGlobalIDString = 3DF7C22820AF396800340C8D;
			remoteInfo = btWrites;
		};
/* End PBXContainerItemProxy section */

/* Begin PBXFileReference section */
		3DF7C22920AF396800340C8D /* btWrites.app */ = {isa = PBXFileReference; explicitFileType = wrapper.application; includeInIndex = 0; path = btWrites.app; sourceTree = BUILT_PRODUCTS_DIR; };
		3DF7C22C20AF396800340C8D /* AppDelegate.swift */ = {isa = PBXFileReference; lastKnownFileType = sourcecode.swift; path = AppDelegate.swift; sourceTree = "<group>"; };
		3DF7C22E20AF396800340C8D /* ViewController.swift */ = {isa = PBXFileReference; lastKnownFileType = sourcecode.swift; path = ViewController.swift; sourceTree = "<group>"; };
		3DF7C23120AF396800340C8D /* Base */ = {isa = PBXFileReference; lastKnownFileType = file.storyboard; name = Base; path = Base.lproj/Main.storyboard; sourceTree = "<group>"; };
		3DF7C23320AF396A00340C8D /* Assets.xcassets */ = {isa = PBXFileReference; lastKnownFileType = folder.assetcatalog; path = Assets.xcassets; sourceTree = "<group>"; };
		3DF7C23620AF396A00340C8D /* Base */ = {isa = PBXFileReference; lastKnownFileType = file.storyboard; name = Base; path = Base.lproj/LaunchScreen.storyboard; sourceTree = "<group>"; };
		3DF7C23820AF396A00340C8D /* Info.plist */ = {isa = PBXFileReference; lastKnownFileType = text.plist.xml; path = Info.plist; sourceTree = "<group>"; };
		3DF7C23D20AF396A00340C8D /* btWritesTests.xctest */ = {isa = PBXFileReference; explicitFileType = wrapper.cfbundle; includeInIndex = 0; path = btWritesTests.xctest; sourceTree = BUILT_PRODUCTS_DIR; };
		3DF7C24120AF396A00340C8D /* btWritesTests.swift */ = {isa = PBXFileReference; lastKnownFileType = sourcecode.swift; path = btWritesTests.swift; sourceTree = "<group>"; };
		3DF7C24320AF396A00340C8D /* Info.plist */ = {isa = PBXFileReference; lastKnownFileType = text.plist.xml; path = Info.plist; sourceTree = "<group>"; };
		3DF7C24820AF396A00340C8D /* btWritesUITests.xctest */ = {isa = PBXFileReference; explicitFileType = wrapper.cfbundle; includeInIndex = 0; path = btWritesUITests.xctest; sourceTree = BUILT_PRODUCTS_DIR; };
		3DF7C24C20AF396A00340C8D /* btWritesUITests.swift */ = {isa = PBXFileReference; lastKnownFileType = sourcecode.swift; path = btWritesUITests.swift; sourceTree = "<group>"; };
		3DF7C24E20AF396A00340C8D /* Info.plist */ = {isa = PBXFileReference; lastKnownFileType = text.plist.xml; path = Info.plist; sourceTree = "<group>"; };
		3DF7C25A20AF3A3D00340C8D /* BtWritesServer.swift */ = {isa = PBXFileReference; lastKnownFileType = sourcecode.swift; path = BtWritesServer.swift; sourceTree = "<group>"; };
/* End PBXFileReference section */

/* Begin PBXFrameworksBuildPhase section */
		3DF7C22620AF396800340C8D /* Frameworks */ = {
			isa = PBXFrameworksBuildPhase;
			buildActionMask = 2147483647;
			files = (
			);
			runOnlyForDeploymentPostprocessing = 0;
		};
		3DF7C23A20AF396A00340C8D /* Frameworks */ = {
			isa = PBXFrameworksBuildPhase;
			buildActionMask = 2147483647;
			files = (
			);
			runOnlyForDeploymentPostprocessing = 0;
		};
		3DF7C24520AF396A00340C8D /* Frameworks */ = {
			isa = PBXFrameworksBuildPhase;
			buildActionMask = 2147483647;
			files = (
			);
			runOnlyForDeploymentPostprocessing = 0;
		};
/* End PBXFrameworksBuildPhase section */

/* Begin PBXGroup section */
		3DF7C22020AF396800340C8D = {
			isa = PBXGroup;
			children = (
				3DF7C22B20AF396800340C8D /* btWrites */,
				3DF7C24020AF396A00340C8D /* btWritesTests */,
				3DF7C24B20AF396A00340C8D /* btWritesUITests */,
				3DF7C22A20AF396800340C8D /* Products */,
			);
			sourceTree = "<group>";
		};
		3DF7C22A20AF396800340C8D /* Products */ = {
			isa = PBXGroup;
			children = (
				3DF7C22920AF396800340C8D /* btWrites.app */,
				3DF7C23D20AF396A00340C8D /* btWritesTests.xctest */,
				3DF7C24820AF396A00340C8D /* btWritesUITests.xctest */,
			);
			name = Products;
			sourceTree = "<group>";
		};
		3DF7C22B20AF396800340C8D /* btWrites */ = {
			isa = PBXGroup;
			children = (
				3DF7C22C20AF396800340C8D /* AppDelegate.swift */,
				3DF7C25A20AF3A3D00340C8D /* BtWritesServer.swift */,
				3DF7C22E20AF396800340C8D /* ViewController.swift */,
				3DF7C23020AF396800340C8D /* Main.storyboard */,
				3DF7C23320AF396A00340C8D /* Assets.xcassets */,
				3DF7C23520AF396A00340C8D /* LaunchScreen.storyboard */,
				3DF7C23820AF396A00340C8D /* Info.plist */,
			);
			path = btWrites;
			sourceTree = "<group>";
		};
		3DF7C24020AF396A00340C8D /* btWritesTests */ = {
			isa = PBXGroup;
			children = (
				3DF7C24120AF396A00340C8D /* btWritesTests.swift */,
				3DF7C24320AF396A00340C8D /* Info.plist */,
			);
			path = btWritesTests;
			sourceTree = "<group>";
		};
		3DF7C24B20AF396A00340C8D /* btWritesUITests */ = {
			isa = PBXGroup;
			children = (
				3DF7C24C20AF396A00340C8D /* btWritesUITests.swift */,
				3DF7C24E20AF396A00340C8D /* Info.plist */,
			);
			path = btWritesUITests;
			sourceTree = "<group>";
		};
/* End PBXGroup section */

/* Begin PBXNativeTarget section */
		3DF7C22820AF396800340C8D /* btWrites */ = {
			isa = PBXNativeTarget;
			buildConfigurationList = 3DF7C25120AF396A00340C8D /* Build configuration list for PBXNativeTarget "btWrites" */;
			buildPhases = (
				3DF7C22520AF396800340C8D /* Sources */,
				3DF7C22620AF396800340C8D /* Frameworks */,
				3DF7C22720AF396800340C8D /* Resources */,
			);
			buildRules = (
			);
			dependencies = (
			);
			name = btWrites;
			productName = btWrites;
			productReference = 3DF7C22920AF396800340C8D /* btWrites.app */;
			productType = "com.apple.product-type.application";
		};
		3DF7C23C20AF396A00340C8D /* btWritesTests */ = {
			isa = PBXNativeTarget;
			buildConfigurationList = 3DF7C25420AF396A00340C8D /* Build configuration list for PBXNativeTarget "btWritesTests" */;
			buildPhases = (
				3DF7C23920AF396A00340C8D /* Sources */,
				3DF7C23A20AF396A00340C8D /* Frameworks */,
				3DF7C23B20AF396A00340C8D /* Resources */,
			);
			buildRules = (
			);
			dependencies = (
				3DF7C23F20AF396A00340C8D /* PBXTargetDependency */,
			);
			name = btWritesTests;
			productName = btWritesTests;
			productReference = 3DF7C23D20AF396A00340C8D /* btWritesTests.xctest */;
			productType = "com.apple.product-type.bundle.unit-test";
		};
		3DF7C24720AF396A00340C8D /* btWritesUITests */ = {
			isa = PBXNativeTarget;
			buildConfigurationList = 3DF7C25720AF396A00340C8D /* Build configuration list for PBXNativeTarget "btWritesUITests" */;
			buildPhases = (
				3DF7C24420AF396A00340C8D /* Sources */,
				3DF7C24520AF396A00340C8D /* Frameworks */,
				3DF7C24620AF396A00340C8D /* Resources */,
			);
			buildRules = (
			);
			dependencies = (
				3DF7C24A20AF396A00340C8D /* PBXTargetDependency */,
			);
			name = btWritesUITests;
			productName = btWritesUITests;
			productReference = 3DF7C24820AF396A00340C8D /* btWritesUITests.xctest */;
			productType = "com.apple.product-type.bundle.ui-testing";
		};
/* End PBXNativeTarget section */

/* Begin PBXProject section */
		3DF7C22120AF396800340C8D /* Project object */ = {
			isa = PBXProject;
			attributes = {
				LastSwiftUpdateCheck = 0930;
				LastUpgradeCheck = 0930;
				ORGANIZATIONNAME = ESanchez;
				TargetAttributes = {
					3DF7C22820AF396800340C8D = {
						CreatedOnToolsVersion = 9.3;
					};
					3DF7C23C20AF396A00340C8D = {
						CreatedOnToolsVersion = 9.3;
						TestTargetID = 3DF7C22820AF396800340C8D;
					};
					3DF7C24720AF396A00340C8D = {
						CreatedOnToolsVersion = 9.3;
						TestTargetID = 3DF7C22820AF396800340C8D;
					};
				};
			};
			buildConfigurationList = 3DF7C22420AF396800340C8D /* Build configuration list for PBXProject "btWrites" */;
			compatibilityVersion = "Xcode 9.3";
			developmentRegion = en;
			hasScannedForEncodings = 0;
			knownRegions = (
				en,
				Base,
			);
			mainGroup = 3DF7C22020AF396800340C8D;
			productRefGroup = 3DF7C22A20AF396800340C8D /* Products */;
			projectDirPath = "";
			projectRoot = "";
			targets = (
				3DF7C22820AF396800340C8D /* btWrites */,
				3DF7C23C20AF396A00340C8D /* btWritesTests */,
				3DF7C24720AF396A00340C8D /* btWritesUITests */,
			);
		};
/* End PBXProject section */

/* Begin PBXResourcesBuildPhase section */
		3DF7C22720AF396800340C8D /* Resources */ = {
			isa = PBXResourcesBuildPhase;
			buildActionMask = 2147483647;
			files = (
				3DF7C23720AF396A00340C8D /* LaunchScreen.storyboard in Resources */,
				3DF7C23420AF396A00340C8D /* Assets.xcassets in Resources */,
				3DF7C23220AF396800340C8D /* Main.storyboard in Resources */,
			);
			runOnlyForDeploymentPostprocessing = 0;
		};
		3DF7C23B20AF396A00340C8D /* Resources */ = {
			isa = PBXResourcesBuildPhase;
			buildActionMask = 2147483647;
			files = (
			);
			runOnlyForDeploymentPostprocessing = 0;
		};
		3DF7C24620AF396A00340C8D /* Resources */ = {
			isa = PBXResourcesBuildPhase;
			buildActionMask = 2147483647;
			files = (
			);
			runOnlyForDeploymentPostprocessing = 0;
		};
/* End PBXResourcesBuildPhase section */

/* Begin PBXSourcesBuildPhase section */
		3DF7C22520AF396800340C8D /* Sources */ = {
			isa = PBXSourcesBuildPhase;
			buildActionMask = 2147483647;
			files = (
				3DF7C22F20AF396800340C8D /* ViewController.swift in Sources */,
				3DF7C25B20AF3A3D00340C8D /* BtWritesServer.swift in Sources */,
				3DF7C22D20AF396800340C8D /* AppDelegate.swift in Sources */,
			);
			runOnlyForDeploymentPostprocessing = 0;
		};
		3DF7C23920AF396A00340C8D /* Sources */ = {
			isa = PBXSourcesBuildPhase;
			buildActionMask = 2147483647;
			files = (
				3DF7C24220AF396A00340C8D /* btWritesTests.swift in Sources */,
			);
			runOnlyForDeploymentPostprocessing = 0;
		};
		3DF7C24420AF396A00340C8D /* Sources */ = {
			isa = PBXSourcesBuildPhase;
			buildActionMask = 2147483647;
			files = (
				3DF7C24D20AF396A00340C8D /* btWritesUITests.swift in Sources */,
			);
			runOnlyForDeploymentPostprocessing = 0;
		};
/* End PBXSourcesBuildPhase section */

/* Begin PBXTargetDependency section */
		3DF7C23F20AF396A00340C8D /* PBXTargetDependency */ = {
			isa = PBXTargetDependency;
			target = 3DF7C22820AF396800340C8D /* btWrites */;
			targetProxy = 3DF7C23E20AF396A00340C8D /* PBXContainerItemProxy */;
		};
		3DF7C24A20AF396A00340C8D /* PBXTargetDependency */ = {
			isa = PBXTargetDependency;
			target = 3DF7C22820AF396800340C8D /* btWrites */;
			targetProxy = 3DF7C24920AF396A00340C8D /* PBXContainerItemProxy */;
		};
/* End PBXTargetDependency section */

/* Begin PBXVariantGroup section */
		3DF7C23020AF396800340C8D /* Main.storyboard */ = {
			isa = PBXVariantGroup;
			children = (
				3DF7C23120AF396800340C8D /* Base */,
			);
			name = Main.storyboard;
			sourceTree = "<group>";
		};
		3DF7C23520AF396A00340C8D /* LaunchScreen.storyboard */ = {
			isa = PBXVariantGroup;
			children = (
				3DF7C23620AF396A00340C8D /* Base */,
			);
			name = LaunchScreen.storyboard;
			sourceTree = "<group>";
		};
/* End PBXVariantGroup section */

/* Begin XCBuildConfiguration section */
		3DF7C24F20AF396A00340C8D /* Debug */ = {
			isa = XCBuildConfiguration;
			buildSettings = {
				ALWAYS_SEARCH_USER_PATHS = NO;
				CLANG_ANALYZER_NONNULL = YES;
				CLANG_ANALYZER_NUMBER_OBJECT_CONVERSION = YES_AGGRESSIVE;
				CLANG_CXX_LANGUAGE_STANDARD = "gnu++14";
				CLANG_CXX_LIBRARY = "libc++";
				CLANG_ENABLE_MODULES = YES;
				CLANG_ENABLE_OBJC_ARC = YES;
				CLANG_ENABLE_OBJC_WEAK = YES;
				CLANG_WARN_BLOCK_CAPTURE_AUTORELEASING = YES;
				CLANG_WARN_BOOL_CONVERSION = YES;
				CLANG_WARN_COMMA = YES;
				CLANG_WARN_CONSTANT_CONVERSION = YES;
				CLANG_WARN_DEPRECATED_OBJC_IMPLEMENTATIONS = YES;
				CLANG_WARN_DIRECT_OBJC_ISA_USAGE = YES_ERROR;
				CLANG_WARN_DOCUMENTATION_COMMENTS = YES;
				CLANG_WARN_EMPTY_BODY = YES;
				CLANG_WARN_ENUM_CONVERSION = YES;
				CLANG_WARN_INFINITE_RECURSION = YES;
				CLANG_WARN_INT_CONVERSION = YES;
				CLANG_WARN_NON_LITERAL_NULL_CONVERSION = YES;
				CLANG_WARN_OBJC_IMPLICIT_RETAIN_SELF = YES;
				CLANG_WARN_OBJC_LITERAL_CONVERSION = YES;
				CLANG_WARN_OBJC_ROOT_CLASS = YES_ERROR;
				CLANG_WARN_RANGE_LOOP_ANALYSIS = YES;
				CLANG_WARN_STRICT_PROTOTYPES = YES;
				CLANG_WARN_SUSPICIOUS_MOVE = YES;
				CLANG_WARN_UNGUARDED_AVAILABILITY = YES_AGGRESSIVE;
				CLANG_WARN_UNREACHABLE_CODE = YES;
				CLANG_WARN__DUPLICATE_METHOD_MATCH = YES;
				CODE_SIGN_IDENTITY = "iPhone Developer";
				COPY_PHASE_STRIP = NO;
				DEBUG_INFORMATION_FORMAT = dwarf;
				ENABLE_STRICT_OBJC_MSGSEND = YES;
				ENABLE_TESTABILITY = YES;
				GCC_C_LANGUAGE_STANDARD = gnu11;
				GCC_DYNAMIC_NO_PIC = NO;
				GCC_NO_COMMON_BLOCKS = YES;
				GCC_OPTIMIZATION_LEVEL = 0;
				GCC_PREPROCESSOR_DEFINITIONS = (
					"DEBUG=1",
					"$(inherited)",
				);
				GCC_WARN_64_TO_32_BIT_CONVERSION = YES;
				GCC_WARN_ABOUT_RETURN_TYPE = YES_ERROR;
				GCC_WARN_UNDECLARED_SELECTOR = YES;
				GCC_WARN_UNINITIALIZED_AUTOS = YES_AGGRESSIVE;
				GCC_WARN_UNUSED_FUNCTION = YES;
				GCC_WARN_UNUSED_VARIABLE = YES;
				IPHONEOS_DEPLOYMENT_TARGET = 11.3;
				MTL_ENABLE_DEBUG_INFO = YES;
				ONLY_ACTIVE_ARCH = YES;
				SDKROOT = iphoneos;
				SWIFT_ACTIVE_COMPILATION_CONDITIONS = DEBUG;
				SWIFT_OPTIMIZATION_LEVEL = "-Onone";
			};
			name = Debug;
		};
		3DF7C25020AF396A00340C8D /* Release */ = {
			isa = XCBuildConfiguration;
			buildSettings = {
				ALWAYS_SEARCH_USER_PATHS = NO;
				CLANG_ANALYZER_NONNULL = YES;
				CLANG_ANALYZER_NUMBER_OBJECT_CONVERSION = YES_AGGRESSIVE;
				CLANG_CXX_LANGUAGE_STANDARD = "gnu++14";
				CLANG_CXX_LIBRARY = "libc++";
				CLANG_ENABLE_MODULES = YES;
				CLANG_ENABLE_OBJC_ARC = YES;
				CLANG_ENABLE_OBJC_WEAK = YES;
				CLANG_WARN_BLOCK_CAPTURE_AUTORELEASING = YES;
				CLANG_WARN_BOOL_CONVERSION = YES;
				CLANG_WARN_COMMA = YES;
				CLANG_WARN_CONSTANT_CONVERSION = YES;
				CLANG_WARN_DEPRECATED_OBJC_IMPLEMENTATIONS = YES;
				CLANG_WARN_DIRECT_OBJC_ISA_USAGE = YES_ERROR;
				CLANG_WARN_DOCUMENTATION_COMMENTS = YES;
				CLANG_WARN_EMPTY_BODY = YES;
				CLANG_WARN_ENUM_CONVERSION = YES;
				CLANG_WARN_INFINITE_RECURSION = YES;
				CLANG_WARN_INT_CONVERSION = YES;
				CLANG_WARN_NON_LITERAL_NULL_CONVERSION = YES;
				CLANG_WARN_OBJC_IMPLICIT_RETAIN_SELF = YES;
				CLANG_WARN_OBJC_LITERAL_CONVERSION = YES;
				CLANG_WARN_OBJC_ROOT_CLASS = YES_ERROR;
				CLANG_WARN_RANGE_LOOP_ANALYSIS = YES;
				CLANG_WARN_STRICT_PROTOTYPES = YES;
				CLANG_WARN_SUSPICIOUS_MOVE = YES;
				CLANG_WARN_UNGUARDED_AVAILABILITY = YES_AGGRESSIVE;
				CLANG_WARN_UNREACHABLE_CODE = YES;
				CLANG_WARN__DUPLICATE_METHOD_MATCH = YES;
				CODE_SIGN_IDENTITY = "iPhone Developer";
				COPY_PHASE_STRIP = NO;
				DEBUG_INFORMATION_FORMAT = "dwarf-with-dsym";
				ENABLE_NS_ASSERTIONS = NO;
				ENABLE_STRICT_OBJC_MSGSEND = YES;
				GCC_C_LANGUAGE_STANDARD = gnu11;
				GCC_NO_COMMON_BLOCKS = YES;
				GCC_WARN_64_TO_32_BIT_CONVERSION = YES;
				GCC_WARN_ABOUT_RETURN_TYPE = YES_ERROR;
				GCC_WARN_UNDECLARED_SELECTOR = YES;
				GCC_WARN_UNINITIALIZED_AUTOS = YES_AGGRESSIVE;
				GCC_WARN_UNUSED_FUNCTION = YES;
				GCC_WARN_UNUSED_VARIABLE = YES;
				IPHONEOS_DEPLOYMENT_TARGET = 11.3;
				MTL_ENABLE_DEBUG_INFO = NO;
				SDKROOT = iphoneos;
				SWIFT_COMPILATION_MODE = wholemodule;
				SWIFT_OPTIMIZATION_LEVEL = "-O";
				VALIDATE_PRODUCT = YES;
			};
			name = Release;
		};
		3DF7C25220AF396A00340C8D /* Debug */ = {
			isa = XCBuildConfiguration;
			buildSettings = {
				ASSETCATALOG_COMPILER_APPICON_NAME = AppIcon;
				CODE_SIGN_STYLE = Automatic;
				DEVELOPMENT_TEAM = 86JE5T8SV7;
				INFOPLIST_FILE = btWrites/Info.plist;
				IPHONEOS_DEPLOYMENT_TARGET = 11.0;
				LD_RUNPATH_SEARCH_PATHS = (
					"$(inherited)",
					"@executable_path/Frameworks",
				);
				PRODUCT_BUNDLE_IDENTIFIER = ESanchez.btWrites;
				PRODUCT_NAME = "$(TARGET_NAME)";
				SWIFT_VERSION = 4.0;
				TARGETED_DEVICE_FAMILY = "1,2";
			};
			name = Debug;
		};
		3DF7C25320AF396A00340C8D /* Release */ = {
			isa = XCBuildConfiguration;
			buildSettings = {
				ASSETCATALOG_COMPILER_APPICON_NAME = AppIcon;
				CODE_SIGN_STYLE = Automatic;
				DEVELOPMENT_TEAM = 86JE5T8SV7;
				INFOPLIST_FILE = btWrites/Info.plist;
				IPHONEOS_DEPLOYMENT_TARGET = 11.0;
				LD_RUNPATH_SEARCH_PATHS = (
					"$(inherited)",
					"@executable_path/Frameworks",
				);
				PRODUCT_BUNDLE_IDENTIFIER = ESanchez.btWrites;
				PRODUCT_NAME = "$(TARGET_NAME)";
				SWIFT_VERSION = 4.0;
				TARGETED_DEVICE_FAMILY = "1,2";
			};
			name = Release;
		};
		3DF7C25520AF396A00340C8D /* Debug */ = {
			isa = XCBuildConfiguration;
			buildSettings = {
				ALWAYS_EMBED_SWIFT_STANDARD_LIBRARIES = YES;
				BUNDLE_LOADER = "$(TEST_HOST)";
				CODE_SIGN_STYLE = Automatic;
				INFOPLIST_FILE = btWritesTests/Info.plist;
				LD_RUNPATH_SEARCH_PATHS = (
					"$(inherited)",
					"@executable_path/Frameworks",
					"@loader_path/Frameworks",
				);
				PRODUCT_BUNDLE_IDENTIFIER = ESanchez.btWritesTests;
				PRODUCT_NAME = "$(TARGET_NAME)";
				SWIFT_VERSION = 4.0;
				TARGETED_DEVICE_FAMILY = "1,2";
				TEST_HOST = "$(BUILT_PRODUCTS_DIR)/btWrites.app/btWrites";
			};
			name = Debug;
		};
		3DF7C25620AF396A00340C8D /* Release */ = {
			isa = XCBuildConfiguration;
			buildSettings = {
				ALWAYS_EMBED_SWIFT_STANDARD_LIBRARIES = YES;
				BUNDLE_LOADER = "$(TEST_HOST)";
				CODE_SIGN_STYLE = Automatic;
				INFOPLIST_FILE = btWritesTests/Info.plist;
				LD_RUNPATH_SEARCH_PATHS = (
					"$(inherited)",
					"@executable_path/Frameworks",
					"@loader_path/Frameworks",
				);
				PRODUCT_BUNDLE_IDENTIFIER = ESanchez.btWritesTests;
				PRODUCT_NAME = "$(TARGET_NAME)";
				SWIFT_VERSION = 4.0;
				TARGETED_DEVICE_FAMILY = "1,2";
				TEST_HOST = "$(BUILT_PRODUCTS_DIR)/btWrites.app/btWrites";
			};
			name = Release;
		};
		3DF7C25820AF396A00340C8D /* Debug */ = {
			isa = XCBuildConfiguration;
			buildSettings = {
				ALWAYS_EMBED_SWIFT_STANDARD_LIBRARIES = YES;
				CODE_SIGN_STYLE = Automatic;
				INFOPLIST_FILE = btWritesUITests/Info.plist;
				LD_RUNPATH_SEARCH_PATHS = (
					"$(inherited)",
					"@executable_path/Frameworks",
					"@loader_path/Frameworks",
				);
				PRODUCT_BUNDLE_IDENTIFIER = ESanchez.btWritesUITests;
				PRODUCT_NAME = "$(TARGET_NAME)";
				SWIFT_VERSION = 4.0;
				TARGETED_DEVICE_FAMILY = "1,2";
				TEST_TARGET_NAME = btWrites;
			};
			name = Debug;
		};
		3DF7C25920AF396A00340C8D /* Release */ = {
			isa = XCBuildConfiguration;
			buildSettings = {
				ALWAYS_EMBED_SWIFT_STANDARD_LIBRARIES = YES;
				CODE_SIGN_STYLE = Automatic;
				INFOPLIST_FILE = btWritesUITests/Info.plist;
				LD_RUNPATH_SEARCH_PATHS = (
					"$(inherited)",
					"@executable_path/Frameworks",
					"@loader_path/Frameworks",
				);
				PRODUCT_BUNDLE_IDENTIFIER = ESanchez.btWritesUITests;
				PRODUCT_NAME = "$(TARGET_NAME)";
				SWIFT_VERSION = 4.0;
				TARGETED_DEVICE_FAMILY = "1,2";
				TEST_TARGET_NAME = btWrites;
			};
			name = Release;
		};
/* End XCBuildConfiguration section */

/* Begin XCConfigurationList section */
		3DF7C22420AF396800340C8D /* Build configuration list for PBXProject "btWrites" */ = {
			isa = XCConfigurationList;
			buildConfigurations = (
				3DF7C24F20AF396A00340C8D /* Debug */,
				3DF7C25020AF396A00340C8D /* Release */,
			);
			defaultConfigurationIsVisible = 0;
			defaultConfigurationName = Release;
		};
		3DF7C25120AF396A00340C8D /* Build configuration list for PBXNativeTarget "btWrites" */ = {
			isa = XCConfigurationList;
			buildConfigurations = (
				3DF7C25220AF396A00340C8D /* Debug */,
				3DF7C25320AF396A00340C8D /* Release */,
			);
			defaultConfigurationIsVisible = 0;
			defaultConfigurationName = Release;
		};
		3DF7C25420AF396A00340C8D /* Build configuration list for PBXNativeTarget "btWritesTests" */ = {
			isa = XCConfigurationList;
			buildConfigurations = (
				3DF7C25520AF396A00340C8D /* Debug */,
				3DF7C25620AF396A00340C8D /* Release */,
			);
			defaultConfigurationIsVisible = 0;
			defaultConfigurationName = Release;
		};
		3DF7C25720AF396A00340C8D /* Build configuration list for PBXNativeTarget "btWritesUITests" */ = {
			isa = XCConfigurationList;
			buildConfigurations = (
				3DF7C25820AF396A00340C8D /* Debug */,
				3DF7C25920AF396A00340C8D /* Release */,
			);
			defaultConfigurationIsVisible = 0;
			defaultConfigurationName = Release;
		};
/* End XCConfigurationList section */
	};
	rootObject = 3DF7C22120AF396800340C8D /* Project object */;
}
